
Microsoft Visual Studio Solution File, Format Version 12.00
# Visual Studio 2012
Project("{FAE04EC0-301F-11D3-BF4B-00C04F79EFBC}") = "MainApplication", "MainApplication\MainApplication.csproj", "{DE0CF07A-F8B7-46D0-B986-0D232ECB06BC}"
EndProject
Global
	GlobalSection(SolutionConfigurationPlatforms) = preSolution
		Debug|Any CPU = Debug|Any CPU
		Release|Any CPU = Release|Any CPU
	EndGlobalSection
	GlobalSection(ProjectConfigurationPlatforms) = postSolution
		{DE0CF07A-F8B7-46D0-B986-0D232ECB06BC}.Debug|Any CPU.ActiveCfg = Debug|Any CPU
		{DE0CF07A-F8B7-46D0-B986-0D232ECB06BC}.Debug|Any CPU.Build.0 = Debug|Any CPU
		{DE0CF07A-F8B7-46D0-B986-0D232ECB06BC}.Release|Any CPU.ActiveCfg = Release|Any CPU
		{DE0CF07A-F8B7-46D0-B986-0D232ECB06BC}.Release|Any CPU.Build.0 = Release|Any CPU
	EndGlobalSection
	GlobalSection(SolutionProperties) = preSolution
		HideSolutionNode = FALSE
	EndGlobalSection
EndGlobal
